
Microsoft Visual Studio Solution File, Format Version 12.00
# Visual Studio 14
VisualStudioVersion = 14.0.25420.1
MinimumVisualStudioVersion = 10.0.40219.1
Project("{FAE04EC0-301F-11D3-BF4B-00C04F79EFBC}") = "NTTWorkFlow", "NTTWorkFlow\NTTWorkFlow.csproj", "{0108248F-F2A3-4D21-871B-F84FF986D3D8}"
EndProject
Project("{FAE04EC0-301F-11D3-BF4B-00C04F79EFBC}") = "NTTWorkFlow.Test", "NTTWorkFlow.Test\NTTWorkFlow.Test.csproj", "{68C36C3C-152F-402D-BC4D-EFA8AD992D2F}"
EndProject
Global
	GlobalSection(SolutionConfigurationPlatforms) = preSolution
		Debug|Any CPU = Debug|Any CPU
		Release|Any CPU = Release|Any CPU
	EndGlobalSection
	GlobalSection(ProjectConfigurationPlatforms) = postSolution
		{0108248F-F2A3-4D21-871B-F84FF986D3D8}.Debug|Any CPU.ActiveCfg = Debug|Any CPU
		{0108248F-F2A3-4D21-871B-F84FF986D3D8}.Debug|Any CPU.Build.0 = Debug|Any CPU
		{0108248F-F2A3-4D21-871B-F84FF986D3D8}.Release|Any CPU.ActiveCfg = Release|Any CPU
		{0108248F-F2A3-4D21-871B-F84FF986D3D8}.Release|Any CPU.Build.0 = Release|Any CPU
		{68C36C3C-152F-402D-BC4D-EFA8AD992D2F}.Debug|Any CPU.ActiveCfg = Debug|Any CPU
		{68C36C3C-152F-402D-BC4D-EFA8AD992D2F}.Debug|Any CPU.Build.0 = Debug|Any CPU
		{68C36C3C-152F-402D-BC4D-EFA8AD992D2F}.Release|Any CPU.ActiveCfg = Release|Any CPU
		{68C36C3C-152F-402D-BC4D-EFA8AD992D2F}.Release|Any CPU.Build.0 = Release|Any CPU
	EndGlobalSection
	GlobalSection(SolutionProperties) = preSolution
		HideSolutionNode = FALSE
	EndGlobalSection
EndGlobal
